
Microsoft Visual Studio Solution File, Format Version 12.00
# Visual Studio Version 16
VisualStudioVersion = 16.0.31205.134
MinimumVisualStudioVersion = 10.0.40219.1
Project("{F184B08F-C81C-45F6-A57F-5ABD9991F28F}") = "LC_VB.NET", "LC_VB.NET.vbproj", "{F499BEA4-192A-4A65-A12A-87CA4E0FCCBB}"
EndProject
Global
	GlobalSection(SolutionConfigurationPlatforms) = preSolution
		Debug|Any CPU = Debug|Any CPU
		Debug|x64 = Debug|x64
		Debug|x86 = Debug|x86
		Release|Any CPU = Release|Any CPU
		Release|x64 = Release|x64
		Release|x86 = Release|x86
	EndGlobalSection
	GlobalSection(ProjectConfigurationPlatforms) = postSolution
		{F499BEA4-192A-4A65-A12A-87CA4E0FCCBB}.Debug|Any CPU.ActiveCfg = Debug|Any CPU
		{F499BEA4-192A-4A65-A12A-87CA4E0FCCBB}.Debug|Any CPU.Build.0 = Debug|Any CPU
		{F499BEA4-192A-4A65-A12A-87CA4E0FCCBB}.Debug|x64.ActiveCfg = Debug|x64
		{F499BEA4-192A-4A65-A12A-87CA4E0FCCBB}.Debug|x64.Build.0 = Debug|x64
		{F499BEA4-192A-4A65-A12A-87CA4E0FCCBB}.Debug|x86.ActiveCfg = Debug|x86
		{F499BEA4-192A-4A65-A12A-87CA4E0FCCBB}.Debug|x86.Build.0 = Debug|x86
		{F499BEA4-192A-4A65-A12A-87CA4E0FCCBB}.Release|Any CPU.ActiveCfg = Release|Any CPU
		{F499BEA4-192A-4A65-A12A-87CA4E0FCCBB}.Release|Any CPU.Build.0 = Release|Any CPU
		{F499BEA4-192A-4A65-A12A-87CA4E0FCCBB}.Release|x64.ActiveCfg = Release|x64
		{F499BEA4-192A-4A65-A12A-87CA4E0FCCBB}.Release|x64.Build.0 = Release|x64
		{F499BEA4-192A-4A65-A12A-87CA4E0FCCBB}.Release|x86.ActiveCfg = Release|x86
		{F499BEA4-192A-4A65-A12A-87CA4E0FCCBB}.Release|x86.Build.0 = Release|x86
	EndGlobalSection
	GlobalSection(SolutionProperties) = preSolution
		HideSolutionNode = FALSE
	EndGlobalSection
	GlobalSection(ExtensibilityGlobals) = postSolution
		SolutionGuid = {4915A220-A20D-455F-BA8B-FA3E4440D842}
	EndGlobalSection
EndGlobal
