
Microsoft Visual Studio Solution File, Format Version 12.00
# Visual Studio Version 16
VisualStudioVersion = 16.0.31205.134
MinimumVisualStudioVersion = 10.0.40219.1
Project("{FAE04EC0-301F-11D3-BF4B-00C04F79EFBC}") = "Elite4SCSharp", "Elite4SCSharp.csproj", "{574F1B4C-BBDE-4BC6-A805-0B35D9BDD053}"
EndProject
Global
	GlobalSection(SolutionConfigurationPlatforms) = preSolution
		Debug|Any CPU = Debug|Any CPU
		Release|Any CPU = Release|Any CPU
	EndGlobalSection
	GlobalSection(ProjectConfigurationPlatforms) = postSolution
		{574F1B4C-BBDE-4BC6-A805-0B35D9BDD053}.Debug|Any CPU.ActiveCfg = Debug|Any CPU
		{574F1B4C-BBDE-4BC6-A805-0B35D9BDD053}.Debug|Any CPU.Build.0 = Debug|Any CPU
		{574F1B4C-BBDE-4BC6-A805-0B35D9BDD053}.Release|Any CPU.ActiveCfg = Release|Any CPU
		{574F1B4C-BBDE-4BC6-A805-0B35D9BDD053}.Release|Any CPU.Build.0 = Release|Any CPU
	EndGlobalSection
	GlobalSection(SolutionProperties) = preSolution
		HideSolutionNode = FALSE
	EndGlobalSection
	GlobalSection(ExtensibilityGlobals) = postSolution
		SolutionGuid = {E4C7844A-B1CA-47C1-910E-CD98F7795354}
	EndGlobalSection
EndGlobal
